<?xml version="1.0" encoding="UTF-8"?>
<!DOCTYPE plist PUBLIC "-//Apple//DTD PLIST 1.0//EN" "http://www.apple.com/DTDs/PropertyList-1.0.dtd">
<plist version="1.0">
<dict>
	<key>archiveVersion</key>
	<string>1</string>
	<key>classes</key>
	<dict/>
	<key>objectVersion</key>
	<string>56</string>
	<key>objects</key>
	<dict>
		<key>D07A26CE17EABF394176C507</key>
		<dict>
			<key>isa</key>
			<string>PBXFileReference</string>
			<key>lastKnownFileType</key>
			<string>sourcecode.swift</string>
			<key>path</key>
			<string>DesktopRenderer.swift</string>
			<key>sourceTree</key>
			<string>&lt;group&gt;</string>
		</dict>
		<key>66B44EC0ED7E54C4607D70F2</key>
		<dict>
			<key>isa</key>
			<string>PBXBuildFile</string>
			<key>fileRef</key>
			<string>D07A26CE17EABF394176C507</string>
		</dict>
		<key>7D4CE7E1BC001883E3EDC613</key>
		<dict>
			<key>isa</key>
			<string>PBXFileReference</string>
			<key>lastKnownFileType</key>
			<string>sourcecode.swift</string>
			<key>path</key>
			<string>HingeApp.swift</string>
			<key>sourceTree</key>
			<string>&lt;group&gt;</string>
		</dict>
		<key>5775BCD990F33DC63AF4963F</key>
		<dict>
			<key>isa</key>
			<string>PBXBuildFile</string>
			<key>fileRef</key>
			<string>7D4CE7E1BC001883E3EDC613</string>
		</dict>
		<key>97A67C54A25B904AD25CBA32</key>
		<dict>
			<key>isa</key>
			<string>PBXFileReference</string>
			<key>lastKnownFileType</key>
			<string>sourcecode.swift</string>
			<key>path</key>
			<string>LidMotion.swift</string>
			<key>sourceTree</key>
			<string>&lt;group&gt;</string>
		</dict>
		<key>1A5512770BFACF9F16B16FF9</key>
		<dict>
			<key>isa</key>
			<string>PBXBuildFile</string>
			<key>fileRef</key>
			<string>97A67C54A25B904AD25CBA32</string>
		</dict>
		<key>75017C803F3BD9BCA2AD760F</key>
		<dict>
			<key>isa</key>
			<string>PBXFileReference</string>
			<key>lastKnownFileType</key>
			<string>sourcecode.swift</string>
			<key>path</key>
			<string>LidSensor.swift</string>
			<key>sourceTree</key>
			<string>&lt;group&gt;</string>
		</dict>
		<key>4F87324F1438ABED37B95379</key>
		<dict>
			<key>isa</key>
			<string>PBXBuildFile</string>
			<key>fileRef</key>
			<string>75017C803F3BD9BCA2AD760F</string>
		</dict>
		<key>4A57EFA62E37A174C03C000F</key>
		<dict>
			<key>isa</key>
			<string>PBXFileReference</string>
			<key>lastKnownFileType</key>
			<string>sourcecode.swift</string>
			<key>path</key>
			<string>LiveDesktop.swift</string>
			<key>sourceTree</key>
			<string>&lt;group&gt;</string>
		</dict>
		<key>DAEA9D08F6B5E79A226FC00D</key>
		<dict>
			<key>isa</key>
			<string>PBXBuildFile</string>
			<key>fileRef</key>
			<string>4A57EFA62E37A174C03C000F</string>
		</dict>
		<key>5A1C0E7B9D2F4A6E8B3C1D07</key>
		<dict>
			<key>isa</key>
			<string>PBXFileReference</string>
			<key>lastKnownFileType</key>
			<string>sourcecode.swift</string>
			<key>path</key>
			<string>SettingsChrome.swift</string>
			<key>sourceTree</key>
			<string>&lt;group&gt;</string>
		</dict>
		<key>7E2B4C6D8F0A1B3C5D7E9F11</key>
		<dict>
			<key>isa</key>
			<string>PBXBuildFile</string>
			<key>fileRef</key>
			<string>5A1C0E7B9D2F4A6E8B3C1D07</string>
		</dict>
		<key>2B7D4E1A6C3F5089AD41E2C3</key>
		<dict>
			<key>isa</key>
			<string>PBXFileReference</string>
			<key>lastKnownFileType</key>
			<string>sourcecode.swift</string>
			<key>path</key>
			<string>MainView.swift</string>
			<key>sourceTree</key>
			<string>&lt;group&gt;</string>
		</dict>
		<key>9C0F3A5B7D1E2648BF05A731</key>
		<dict>
			<key>isa</key>
			<string>PBXBuildFile</string>
			<key>fileRef</key>
			<string>2B7D4E1A6C3F5089AD41E2C3</string>
		</dict>
		<key>EEDE96C56CBAC202420A47BC</key>
		<dict>
			<key>isa</key>
			<string>PBXFileReference</string>
			<key>lastKnownFileType</key>
			<string>sourcecode.swift</string>
			<key>path</key>
			<string>SettingsView.swift</string>
			<key>sourceTree</key>
			<string>&lt;group&gt;</string>
		</dict>
		<key>289C8D3C22097DA2A314830F</key>
		<dict>
			<key>isa</key>
			<string>PBXBuildFile</string>
			<key>fileRef</key>
			<string>EEDE96C56CBAC202420A47BC</string>
		</dict>
		<key>560737C72BC60145ADB91F3E</key>
		<dict>
			<key>isa</key>
			<string>PBXFileReference</string>
			<key>lastKnownFileType</key>
			<string>image.icns</string>
			<key>path</key>
			<string>AppIcon.icns</string>
			<key>sourceTree</key>
			<string>&lt;group&gt;</string>
		</dict>
		<key>51C92A1C51E552B028484AA9</key>
		<dict>
			<key>isa</key>
			<string>PBXBuildFile</string>
			<key>fileRef</key>
			<string>560737C72BC60145ADB91F3E</string>
		</dict>
		<key>6B2D8F1A3C5E7A9B0D1F2E30</key>
		<dict>
			<key>isa</key>
			<string>PBXVariantGroup</string>
			<key>children</key>
			<array>
				<string>3059B037752ACEDB91C5F511</string>
				<string>AA31F262039679D2414D52C2</string>
				<string>6CE6D5AC0DB41C126672BB9D</string>
				<string>2B8E1BC7AD243AF3870134C0</string>
				<string>5AD54BB7F98474534A4C83ED</string>
				<string>CCCE2CDFEC65CE9BDE7A395C</string>
				<string>6A63B12EA753108E36C52FD2</string>
				<string>C705DCF21CBF7AD5F970621B</string>
				<string>24D3149B3CE03CFD94C2DD17</string>
				<string>A695FBDE60D96D7150C64BDA</string>
				<string>1A3376B19763C58977411E38</string>
				<string>B7AEFB7AF84345927382DF05</string>
				<string>6897C8C1DE6E11BE7321E76A</string>
				<string>931FCD7B91696BF504041199</string>
				<string>61CBDB8F979D36CA892B91C8</string>
				<string>379C3C0E9C4614AF3A01076B</string>
				<string>0278DE9A6B04F8478495CAD6</string>
			</array>
			<key>name</key>
			<string>Localizable.strings</string>
			<key>sourceTree</key>
			<string>&lt;group&gt;</string>
		</dict>
		<key>8C3E9A2B4D6F8A0C1E3F5A71</key>
		<dict>
			<key>isa</key>
			<string>PBXBuildFile</string>
			<key>fileRef</key>
			<string>6B2D8F1A3C5E7A9B0D1F2E30</string>
		</dict>
		<key>38D78C33EBAE0C0ED96716CF</key>
		<dict>
			<key>isa</key>
			<string>PBXFileReference</string>
			<key>lastKnownFileType</key>
			<string>text</string>
			<key>path</key>
			<string>Fold.metal</string>
			<key>sourceTree</key>
			<string>&lt;group&gt;</string>
		</dict>
		<key>F7F4970B79E37D1A4C454958</key>
		<dict>
			<key>isa</key>
			<string>PBXBuildFile</string>
			<key>fileRef</key>
			<string>38D78C33EBAE0C0ED96716CF</string>
		</dict>
		<key>BCE16DD0260827ECF338C787</key>
		<dict>
			<key>isa</key>
			<string>PBXGroup</string>
			<key>children</key>
			<array>
				<string>D07A26CE17EABF394176C507</string>
				<string>7D4CE7E1BC001883E3EDC613</string>
				<string>97A67C54A25B904AD25CBA32</string>
				<string>75017C803F3BD9BCA2AD760F</string>
				<string>4A57EFA62E37A174C03C000F</string>
				<string>5A1C0E7B9D2F4A6E8B3C1D07</string>
				<string>2B7D4E1A6C3F5089AD41E2C3</string>
				<string>EEDE96C56CBAC202420A47BC</string>
			</array>
			<key>path</key>
			<string>Sources</string>
			<key>sourceTree</key>
			<string>&lt;group&gt;</string>
		</dict>
		<key>0189424A5A60FED329FA868E</key>
		<dict>
			<key>isa</key>
			<string>PBXGroup</string>
			<key>children</key>
			<array>
				<string>560737C72BC60145ADB91F3E</string>
				<string>38D78C33EBAE0C0ED96716CF</string>
				<string>AA37C8D01B6242599BE403F1</string>
			</array>
			<key>path</key>
			<string>Resources</string>
			<key>sourceTree</key>
			<string>&lt;group&gt;</string>
		</dict>
		<key>59BD0A3FF43B32849B319E64</key>
		<dict>
			<key>isa</key>
			<string>PBXFileReference</string>
			<key>lastKnownFileType</key>
			<string>text.plist.xml</string>
			<key>path</key>
			<string>Info.plist</string>
			<key>sourceTree</key>
			<string>&lt;group&gt;</string>
		</dict>
		<key>38A007151ABE87CC01A5B6E9</key>
		<dict>
			<key>isa</key>
			<string>PBXFileReference</string>
			<key>explicitFileType</key>
			<string>wrapper.application</string>
			<key>includeInIndex</key>
			<string>0</string>
			<key>path</key>
			<string>Hinge.app</string>
			<key>sourceTree</key>
			<string>BUILT_PRODUCTS_DIR</string>
		</dict>
		<key>FBDC4F23F93125BBEEAE800C</key>
		<dict>
			<key>isa</key>
			<string>PBXGroup</string>
			<key>children</key>
			<array>
				<string>38A007151ABE87CC01A5B6E9</string>
			</array>
			<key>name</key>
			<string>Products</string>
			<key>sourceTree</key>
			<string>&lt;group&gt;</string>
		</dict>
		<key>B28B7AF69320201D1CF206EB</key>
		<dict>
			<key>isa</key>
			<string>PBXGroup</string>
			<key>children</key>
			<array>
				<string>BCE16DD0260827ECF338C787</string>
				<string>0189424A5A60FED329FA868E</string>
				<string>59BD0A3FF43B32849B319E64</string>
				<string>FBDC4F23F93125BBEEAE800C</string>
			</array>
			<key>sourceTree</key>
			<string>&lt;group&gt;</string>
		</dict>
		<key>A1C3CEACCD4F322048E69D2D</key>
		<dict>
			<key>isa</key>
			<string>PBXSourcesBuildPhase</string>
			<key>buildActionMask</key>
			<string>2147483647</string>
			<key>files</key>
			<array>
				<string>66B44EC0ED7E54C4607D70F2</string>
				<string>5775BCD990F33DC63AF4963F</string>
				<string>1A5512770BFACF9F16B16FF9</string>
				<string>4F87324F1438ABED37B95379</string>
				<string>DAEA9D08F6B5E79A226FC00D</string>
				<string>7E2B4C6D8F0A1B3C5D7E9F11</string>
				<string>9C0F3A5B7D1E2648BF05A731</string>
				<string>289C8D3C22097DA2A314830F</string>
			</array>
			<key>runOnlyForDeploymentPostprocessing</key>
			<string>0</string>
		</dict>
		<key>FF4A15EEA61D4A3B097C1C27</key>
		<dict>
			<key>isa</key>
			<string>PBXResourcesBuildPhase</string>
			<key>buildActionMask</key>
			<string>2147483647</string>
			<key>files</key>
			<array>
				<string>51C92A1C51E552B028484AA9</string>
				<string>F7F4970B79E37D1A4C454958</string>
				<string>8C3E9A2B4D6F8A0C1E3F5A71</string>
				<string>B7EF50001BA04655A7108312</string>
			</array>
			<key>runOnlyForDeploymentPostprocessing</key>
			<string>0</string>
		</dict>
		<key>326A678791C89F5FAABDFBFA</key>
		<dict>
			<key>isa</key>
			<string>PBXFrameworksBuildPhase</string>
			<key>buildActionMask</key>
			<string>2147483647</string>
			<key>files</key>
			<array/>
			<key>runOnlyForDeploymentPostprocessing</key>
			<string>0</string>
		</dict>
		<key>ED8772ADEC3A6C25161BC957</key>
		<dict>
			<key>isa</key>
			<string>XCBuildConfiguration</string>
			<key>name</key>
			<string>Debug</string>
			<key>buildSettings</key>
			<dict>
				<key>SDKROOT</key>
				<string>macosx</string>
				<key>MACOSX_DEPLOYMENT_TARGET</key>
				<string>14.0</string>
				<key>CLANG_ENABLE_MODULES</key>
				<string>YES</string>
				<key>SWIFT_VERSION</key>
				<string>5.0</string>
				<key>SWIFT_OPTIMIZATION_LEVEL</key>
				<string>-Onone</string>
				<key>DEBUG_INFORMATION_FORMAT</key>
				<string>dwarf</string>
			</dict>
		</dict>
		<key>4D8F54E7CBAF670D9F6C230D</key>
		<dict>
			<key>isa</key>
			<string>XCBuildConfiguration</string>
			<key>name</key>
			<string>Debug</string>
			<key>buildSettings</key>
			<dict>
				<key>PRODUCT_NAME</key>
				<string>Hinge</string>
				<key>EXECUTABLE_NAME</key>
				<string>Hinge</string>
				<key>PRODUCT_BUNDLE_IDENTIFIER</key>
				<string>local.hinge.app</string>
				<key>INFOPLIST_FILE</key>
				<string>Info.plist</string>
				<key>GENERATE_INFOPLIST_FILE</key>
				<string>NO</string>
				<key>CODE_SIGN_STYLE</key>
				<string>Manual</string>
				<key>CODE_SIGN_IDENTITY</key>
				<string>-</string>
				<key>ENABLE_APP_SANDBOX</key>
				<string>NO</string>
				<key>ENABLE_HARDENED_RUNTIME</key>
				<string>NO</string>
				<key>ARCHS</key>
				<string>arm64</string>
				<key>SWIFT_EMIT_LOC_STRINGS</key>
				<string>NO</string>
				<key>LD_RUNPATH_SEARCH_PATHS</key>
				<array>
					<string>$(inherited)</string>
					<string>@executable_path/../Frameworks</string>
				</array>
			</dict>
		</dict>
		<key>00F209874A1F7309F6DCEAA7</key>
		<dict>
			<key>isa</key>
			<string>XCBuildConfiguration</string>
			<key>name</key>
			<string>Release</string>
			<key>buildSettings</key>
			<dict>
				<key>SDKROOT</key>
				<string>macosx</string>
				<key>MACOSX_DEPLOYMENT_TARGET</key>
				<string>14.0</string>
				<key>CLANG_ENABLE_MODULES</key>
				<string>YES</string>
				<key>SWIFT_VERSION</key>
				<string>5.0</string>
				<key>SWIFT_OPTIMIZATION_LEVEL</key>
				<string>-O</string>
				<key>DEBUG_INFORMATION_FORMAT</key>
				<string>dwarf-with-dsym</string>
			</dict>
		</dict>
		<key>1A6EFC2CD0AF63DD14BE0438</key>
		<dict>
			<key>isa</key>
			<string>XCBuildConfiguration</string>
			<key>name</key>
			<string>Release</string>
			<key>buildSettings</key>
			<dict>
				<key>PRODUCT_NAME</key>
				<string>Hinge</string>
				<key>EXECUTABLE_NAME</key>
				<string>Hinge</string>
				<key>PRODUCT_BUNDLE_IDENTIFIER</key>
				<string>local.hinge.app</string>
				<key>INFOPLIST_FILE</key>
				<string>Info.plist</string>
				<key>GENERATE_INFOPLIST_FILE</key>
				<string>NO</string>
				<key>CODE_SIGN_STYLE</key>
				<string>Manual</string>
				<key>CODE_SIGN_IDENTITY</key>
				<string>-</string>
				<key>ENABLE_APP_SANDBOX</key>
				<string>NO</string>
				<key>ENABLE_HARDENED_RUNTIME</key>
				<string>NO</string>
				<key>ARCHS</key>
				<string>arm64</string>
				<key>SWIFT_EMIT_LOC_STRINGS</key>
				<string>NO</string>
				<key>LD_RUNPATH_SEARCH_PATHS</key>
				<array>
					<string>$(inherited)</string>
					<string>@executable_path/../Frameworks</string>
				</array>
			</dict>
		</dict>
		<key>640DC9EFD529235A8D9E2727</key>
		<dict>
			<key>isa</key>
			<string>XCConfigurationList</string>
			<key>buildConfigurations</key>
			<array>
				<string>ED8772ADEC3A6C25161BC957</string>
				<string>00F209874A1F7309F6DCEAA7</string>
			</array>
			<key>defaultConfigurationIsVisible</key>
			<string>0</string>
			<key>defaultConfigurationName</key>
			<string>Release</string>
		</dict>
		<key>976B52545947CA66FD9EF2A4</key>
		<dict>
			<key>isa</key>
			<string>XCConfigurationList</string>
			<key>buildConfigurations</key>
			<array>
				<string>4D8F54E7CBAF670D9F6C230D</string>
				<string>1A6EFC2CD0AF63DD14BE0438</string>
			</array>
			<key>defaultConfigurationIsVisible</key>
			<string>0</string>
			<key>defaultConfigurationName</key>
			<string>Release</string>
		</dict>
		<key>0E8A3AD980EC179856012B7E</key>
		<dict>
			<key>isa</key>
			<string>PBXNativeTarget</string>
			<key>buildConfigurationList</key>
			<string>976B52545947CA66FD9EF2A4</string>
			<key>buildPhases</key>
			<array>
				<string>A1C3CEACCD4F322048E69D2D</string>
				<string>326A678791C89F5FAABDFBFA</string>
				<string>FF4A15EEA61D4A3B097C1C27</string>
			</array>
			<key>buildRules</key>
			<array/>
			<key>dependencies</key>
			<array/>
			<key>name</key>
			<string>Hinge</string>
			<key>productName</key>
			<string>Hinge</string>
			<key>productReference</key>
			<string>38A007151ABE87CC01A5B6E9</string>
			<key>productType</key>
			<string>com.apple.product-type.application</string>
		</dict>
		<key>98F54143AB4E86B28C3AFEE0</key>
		<dict>
			<key>isa</key>
			<string>PBXProject</string>
			<key>attributes</key>
			<dict>
				<key>LastSwiftUpdateCheck</key>
				<string>2600</string>
				<key>LastUpgradeCheck</key>
				<string>2600</string>
			</dict>
			<key>buildConfigurationList</key>
			<string>640DC9EFD529235A8D9E2727</string>
			<key>compatibilityVersion</key>
			<string>Xcode 14.0</string>
			<key>developmentRegion</key>
			<string>en</string>
			<key>hasScannedForEncodings</key>
			<string>0</string>
			<key>knownRegions</key>
			<array>
				<string>en</string>
				<string>Base</string>
				<string>ar</string>
				<string>de</string>
				<string>es</string>
				<string>fr</string>
				<string>it</string>
				<string>ja</string>
				<string>ko</string>
				<string>nl</string>
				<string>pl</string>
				<string>pt-BR</string>
				<string>ru</string>
				<string>tr</string>
				<string>vi</string>
				<string>zh-Hans</string>
				<string>zh-Hant</string>
				<string>hi</string>
			</array>
			<key>mainGroup</key>
			<string>B28B7AF69320201D1CF206EB</string>
			<key>productRefGroup</key>
			<string>FBDC4F23F93125BBEEAE800C</string>
			<key>projectDirPath</key>
			<string></string>
			<key>projectRoot</key>
			<string></string>
			<key>targets</key>
			<array>
				<string>0E8A3AD980EC179856012B7E</string>
			</array>
		</dict>
		<key>3059B037752ACEDB91C5F511</key>
		<dict>
			<key>isa</key>
			<string>PBXFileReference</string>
			<key>lastKnownFileType</key>
			<string>text.plist.strings</string>
			<key>name</key>
			<string>ar</string>
			<key>path</key>
			<string>ar.lproj/Localizable.strings</string>
			<key>sourceTree</key>
			<string>&lt;group&gt;</string>
		</dict>
		<key>AA31F262039679D2414D52C2</key>
		<dict>
			<key>isa</key>
			<string>PBXFileReference</string>
			<key>lastKnownFileType</key>
			<string>text.plist.strings</string>
			<key>name</key>
			<string>de</string>
			<key>path</key>
			<string>de.lproj/Localizable.strings</string>
			<key>sourceTree</key>
			<string>&lt;group&gt;</string>
		</dict>
		<key>6CE6D5AC0DB41C126672BB9D</key>
		<dict>
			<key>isa</key>
			<string>PBXFileReference</string>
			<key>lastKnownFileType</key>
			<string>text.plist.strings</string>
			<key>name</key>
			<string>es</string>
			<key>path</key>
			<string>es.lproj/Localizable.strings</string>
			<key>sourceTree</key>
			<string>&lt;group&gt;</string>
		</dict>
		<key>2B8E1BC7AD243AF3870134C0</key>
		<dict>
			<key>isa</key>
			<string>PBXFileReference</string>
			<key>lastKnownFileType</key>
			<string>text.plist.strings</string>
			<key>name</key>
			<string>fr</string>
			<key>path</key>
			<string>fr.lproj/Localizable.strings</string>
			<key>sourceTree</key>
			<string>&lt;group&gt;</string>
		</dict>
		<key>5AD54BB7F98474534A4C83ED</key>
		<dict>
			<key>isa</key>
			<string>PBXFileReference</string>
			<key>lastKnownFileType</key>
			<string>text.plist.strings</string>
			<key>name</key>
			<string>it</string>
			<key>path</key>
			<string>it.lproj/Localizable.strings</string>
			<key>sourceTree</key>
			<string>&lt;group&gt;</string>
		</dict>
		<key>CCCE2CDFEC65CE9BDE7A395C</key>
		<dict>
			<key>isa</key>
			<string>PBXFileReference</string>
			<key>lastKnownFileType</key>
			<string>text.plist.strings</string>
			<key>name</key>
			<string>ja</string>
			<key>path</key>
			<string>ja.lproj/Localizable.strings</string>
			<key>sourceTree</key>
			<string>&lt;group&gt;</string>
		</dict>
		<key>6A63B12EA753108E36C52FD2</key>
		<dict>
			<key>isa</key>
			<string>PBXFileReference</string>
			<key>lastKnownFileType</key>
			<string>text.plist.strings</string>
			<key>name</key>
			<string>ko</string>
			<key>path</key>
			<string>ko.lproj/Localizable.strings</string>
			<key>sourceTree</key>
			<string>&lt;group&gt;</string>
		</dict>
		<key>C705DCF21CBF7AD5F970621B</key>
		<dict>
			<key>isa</key>
			<string>PBXFileReference</string>
			<key>lastKnownFileType</key>
			<string>text.plist.strings</string>
			<key>name</key>
			<string>nl</string>
			<key>path</key>
			<string>nl.lproj/Localizable.strings</string>
			<key>sourceTree</key>
			<string>&lt;group&gt;</string>
		</dict>
		<key>24D3149B3CE03CFD94C2DD17</key>
		<dict>
			<key>isa</key>
			<string>PBXFileReference</string>
			<key>lastKnownFileType</key>
			<string>text.plist.strings</string>
			<key>name</key>
			<string>pl</string>
			<key>path</key>
			<string>pl.lproj/Localizable.strings</string>
			<key>sourceTree</key>
			<string>&lt;group&gt;</string>
		</dict>
		<key>A695FBDE60D96D7150C64BDA</key>
		<dict>
			<key>isa</key>
			<string>PBXFileReference</string>
			<key>lastKnownFileType</key>
			<string>text.plist.strings</string>
			<key>name</key>
			<string>pt-BR</string>
			<key>path</key>
			<string>pt-BR.lproj/Localizable.strings</string>
			<key>sourceTree</key>
			<string>&lt;group&gt;</string>
		</dict>
		<key>1A3376B19763C58977411E38</key>
		<dict>
			<key>isa</key>
			<string>PBXFileReference</string>
			<key>lastKnownFileType</key>
			<string>text.plist.strings</string>
			<key>name</key>
			<string>ru</string>
			<key>path</key>
			<string>ru.lproj/Localizable.strings</string>
			<key>sourceTree</key>
			<string>&lt;group&gt;</string>
		</dict>
		<key>B7AEFB7AF84345927382DF05</key>
		<dict>
			<key>isa</key>
			<string>PBXFileReference</string>
			<key>lastKnownFileType</key>
			<string>text.plist.strings</string>
			<key>name</key>
			<string>tr</string>
			<key>path</key>
			<string>tr.lproj/Localizable.strings</string>
			<key>sourceTree</key>
			<string>&lt;group&gt;</string>
		</dict>
		<key>6897C8C1DE6E11BE7321E76A</key>
		<dict>
			<key>isa</key>
			<string>PBXFileReference</string>
			<key>lastKnownFileType</key>
			<string>text.plist.strings</string>
			<key>name</key>
			<string>vi</string>
			<key>path</key>
			<string>vi.lproj/Localizable.strings</string>
			<key>sourceTree</key>
			<string>&lt;group&gt;</string>
		</dict>
		<key>931FCD7B91696BF504041199</key>
		<dict>
			<key>isa</key>
			<string>PBXFileReference</string>
			<key>lastKnownFileType</key>
			<string>text.plist.strings</string>
			<key>name</key>
			<string>zh-Hans</string>
			<key>path</key>
			<string>zh-Hans.lproj/Localizable.strings</string>
			<key>sourceTree</key>
			<string>&lt;group&gt;</string>
		</dict>
		<key>61CBDB8F979D36CA892B91C8</key>
		<dict>
			<key>isa</key>
			<string>PBXFileReference</string>
			<key>lastKnownFileType</key>
			<string>text.plist.strings</string>
			<key>name</key>
			<string>zh-Hant</string>
			<key>path</key>
			<string>zh-Hant.lproj/Localizable.strings</string>
			<key>sourceTree</key>
			<string>&lt;group&gt;</string>
		</dict>
		<key>379C3C0E9C4614AF3A01076B</key>
		<dict>
			<key>isa</key>
			<string>PBXFileReference</string>
			<key>lastKnownFileType</key>
			<string>text.plist.strings</string>
			<key>name</key>
			<string>en</string>
			<key>path</key>
			<string>en.lproj/Localizable.strings</string>
			<key>sourceTree</key>
			<string>&lt;group&gt;</string>
		</dict>
		<key>0278DE9A6B04F8478495CAD6</key>
		<dict>
			<key>isa</key>
			<string>PBXFileReference</string>
			<key>lastKnownFileType</key>
			<string>text.plist.strings</string>
			<key>name</key>
			<string>hi</string>
			<key>path</key>
			<string>hi.lproj/Localizable.strings</string>
			<key>sourceTree</key>
			<string>&lt;group&gt;</string>
		</dict>
		<key>AA37C8D01B6242599BE403F1</key>
		<dict>
			<key>isa</key>
			<string>PBXGroup</string>
			<key>children</key>
			<array>
				<string>6B2D8F1A3C5E7A9B0D1F2E30</string>
				<string>B7EF50001BA04655A7108311</string>
			</array>
			<key>path</key>
			<string>Localizations</string>
			<key>sourceTree</key>
			<string>&lt;group&gt;</string>
		</dict>
		<key>2A63EDF2AE5FF8A0C0D559DD</key>
		<dict>
			<key>isa</key>
			<string>PBXFileReference</string>
			<key>lastKnownFileType</key>
			<string>text.plist.strings</string>
			<key>name</key>
			<string>en</string>
			<key>path</key>
			<string>en.lproj/InfoPlist.strings</string>
			<key>sourceTree</key>
			<string>&lt;group&gt;</string>
		</dict>
		<key>27320AF57CCD9DE9A23EE2E5</key>
		<dict>
			<key>isa</key>
			<string>PBXFileReference</string>
			<key>lastKnownFileType</key>
			<string>text.plist.strings</string>
			<key>name</key>
			<string>hi</string>
			<key>path</key>
			<string>hi.lproj/InfoPlist.strings</string>
			<key>sourceTree</key>
			<string>&lt;group&gt;</string>
		</dict>
		<key>1B21802F3AC0180A9F2C8E19</key>
		<dict>
			<key>isa</key>
			<string>PBXFileReference</string>
			<key>lastKnownFileType</key>
			<string>text.plist.strings</string>
			<key>name</key>
			<string>de</string>
			<key>path</key>
			<string>de.lproj/InfoPlist.strings</string>
			<key>sourceTree</key>
			<string>&lt;group&gt;</string>
		</dict>
		<key>739566ED718D82B261C9BE62</key>
		<dict>
			<key>isa</key>
			<string>PBXFileReference</string>
			<key>lastKnownFileType</key>
			<string>text.plist.strings</string>
			<key>name</key>
			<string>ar</string>
			<key>path</key>
			<string>ar.lproj/InfoPlist.strings</string>
			<key>sourceTree</key>
			<string>&lt;group&gt;</string>
		</dict>
		<key>4E226A3AEEA1E0EDE49EC935</key>
		<dict>
			<key>isa</key>
			<string>PBXFileReference</string>
			<key>lastKnownFileType</key>
			<string>text.plist.strings</string>
			<key>name</key>
			<string>es</string>
			<key>path</key>
			<string>es.lproj/InfoPlist.strings</string>
			<key>sourceTree</key>
			<string>&lt;group&gt;</string>
		</dict>
		<key>8717315BA194E8D845D1C886</key>
		<dict>
			<key>isa</key>
			<string>PBXFileReference</string>
			<key>lastKnownFileType</key>
			<string>text.plist.strings</string>
			<key>name</key>
			<string>fr</string>
			<key>path</key>
			<string>fr.lproj/InfoPlist.strings</string>
			<key>sourceTree</key>
			<string>&lt;group&gt;</string>
		</dict>
		<key>3B2D45A2AA28789BC6BB0224</key>
		<dict>
			<key>isa</key>
			<string>PBXFileReference</string>
			<key>lastKnownFileType</key>
			<string>text.plist.strings</string>
			<key>name</key>
			<string>it</string>
			<key>path</key>
			<string>it.lproj/InfoPlist.strings</string>
			<key>sourceTree</key>
			<string>&lt;group&gt;</string>
		</dict>
		<key>8E6FBF8EADE18E955FB3B4AF</key>
		<dict>
			<key>isa</key>
			<string>PBXFileReference</string>
			<key>lastKnownFileType</key>
			<string>text.plist.strings</string>
			<key>name</key>
			<string>ja</string>
			<key>path</key>
			<string>ja.lproj/InfoPlist.strings</string>
			<key>sourceTree</key>
			<string>&lt;group&gt;</string>
		</dict>
		<key>AD57A1C2D08E3B5FBA4659B8</key>
		<dict>
			<key>isa</key>
			<string>PBXFileReference</string>
			<key>lastKnownFileType</key>
			<string>text.plist.strings</string>
			<key>name</key>
			<string>ko</string>
			<key>path</key>
			<string>ko.lproj/InfoPlist.strings</string>
			<key>sourceTree</key>
			<string>&lt;group&gt;</string>
		</dict>
		<key>0E7DCE493B6806538E1FCEEB</key>
		<dict>
			<key>isa</key>
			<string>PBXFileReference</string>
			<key>lastKnownFileType</key>
			<string>text.plist.strings</string>
			<key>name</key>
			<string>nl</string>
			<key>path</key>
			<string>nl.lproj/InfoPlist.strings</string>
			<key>sourceTree</key>
			<string>&lt;group&gt;</string>
		</dict>
		<key>E1983BA003C645971D45C807</key>
		<dict>
			<key>isa</key>
			<string>PBXFileReference</string>
			<key>lastKnownFileType</key>
			<string>text.plist.strings</string>
			<key>name</key>
			<string>pl</string>
			<key>path</key>
			<string>pl.lproj/InfoPlist.strings</string>
			<key>sourceTree</key>
			<string>&lt;group&gt;</string>
		</dict>
		<key>D0503CB0E7DC0B80C7985A62</key>
		<dict>
			<key>isa</key>
			<string>PBXFileReference</string>
			<key>lastKnownFileType</key>
			<string>text.plist.strings</string>
			<key>name</key>
			<string>pt-BR</string>
			<key>path</key>
			<string>pt-BR.lproj/InfoPlist.strings</string>
			<key>sourceTree</key>
			<string>&lt;group&gt;</string>
		</dict>
		<key>02BEB47F8C8910ECFD72A0ED</key>
		<dict>
			<key>isa</key>
			<string>PBXFileReference</string>
			<key>lastKnownFileType</key>
			<string>text.plist.strings</string>
			<key>name</key>
			<string>ru</string>
			<key>path</key>
			<string>ru.lproj/InfoPlist.strings</string>
			<key>sourceTree</key>
			<string>&lt;group&gt;</string>
		</dict>
		<key>2A4DC20BD8232E13D8C77EB7</key>
		<dict>
			<key>isa</key>
			<string>PBXFileReference</string>
			<key>lastKnownFileType</key>
			<string>text.plist.strings</string>
			<key>name</key>
			<string>tr</string>
			<key>path</key>
			<string>tr.lproj/InfoPlist.strings</string>
			<key>sourceTree</key>
			<string>&lt;group&gt;</string>
		</dict>
		<key>034B964704C39B6D7A38DC2F</key>
		<dict>
			<key>isa</key>
			<string>PBXFileReference</string>
			<key>lastKnownFileType</key>
			<string>text.plist.strings</string>
			<key>name</key>
			<string>vi</string>
			<key>path</key>
			<string>vi.lproj/InfoPlist.strings</string>
			<key>sourceTree</key>
			<string>&lt;group&gt;</string>
		</dict>
		<key>06E54B09A9221743A5432D66</key>
		<dict>
			<key>isa</key>
			<string>PBXFileReference</string>
			<key>lastKnownFileType</key>
			<string>text.plist.strings</string>
			<key>name</key>
			<string>zh-Hans</string>
			<key>path</key>
			<string>zh-Hans.lproj/InfoPlist.strings</string>
			<key>sourceTree</key>
			<string>&lt;group&gt;</string>
		</dict>
		<key>0933CABDE664AFBAD5393CBA</key>
		<dict>
			<key>isa</key>
			<string>PBXFileReference</string>
			<key>lastKnownFileType</key>
			<string>text.plist.strings</string>
			<key>name</key>
			<string>zh-Hant</string>
			<key>path</key>
			<string>zh-Hant.lproj/InfoPlist.strings</string>
			<key>sourceTree</key>
			<string>&lt;group&gt;</string>
		</dict>
		<key>B7EF50001BA04655A7108311</key>
		<dict>
			<key>isa</key>
			<string>PBXVariantGroup</string>
			<key>children</key>
			<array>
				<string>2A63EDF2AE5FF8A0C0D559DD</string>
				<string>27320AF57CCD9DE9A23EE2E5</string>
				<string>1B21802F3AC0180A9F2C8E19</string>
				<string>739566ED718D82B261C9BE62</string>
				<string>4E226A3AEEA1E0EDE49EC935</string>
				<string>8717315BA194E8D845D1C886</string>
				<string>3B2D45A2AA28789BC6BB0224</string>
				<string>8E6FBF8EADE18E955FB3B4AF</string>
				<string>AD57A1C2D08E3B5FBA4659B8</string>
				<string>0E7DCE493B6806538E1FCEEB</string>
				<string>E1983BA003C645971D45C807</string>
				<string>D0503CB0E7DC0B80C7985A62</string>
				<string>02BEB47F8C8910ECFD72A0ED</string>
				<string>2A4DC20BD8232E13D8C77EB7</string>
				<string>034B964704C39B6D7A38DC2F</string>
				<string>06E54B09A9221743A5432D66</string>
				<string>0933CABDE664AFBAD5393CBA</string>
			</array>
			<key>name</key>
			<string>InfoPlist.strings</string>
			<key>sourceTree</key>
			<string>&lt;group&gt;</string>
		</dict>
		<key>B7EF50001BA04655A7108312</key>
		<dict>
			<key>isa</key>
			<string>PBXBuildFile</string>
			<key>fileRef</key>
			<string>B7EF50001BA04655A7108311</string>
		</dict>
	</dict>
	<key>rootObject</key>
	<string>98F54143AB4E86B28C3AFEE0</string>
</dict>
</plist>
